
Microsoft Visual Studio Solution File, Format Version 12.00
# Visual Studio Version 16
VisualStudioVersion = 16.0.32228.343
MinimumVisualStudioVersion = 10.0.40219.1
Project("{FAE04EC0-301F-11D3-BF4B-00C04F79EFBC}") = "ConnectionProject", "ConnectionProject\ConnectionProject.csproj", "{643906F0-81F0-49C0-9429-89F73449DB65}"
EndProject
Global
	GlobalSection(SolutionConfigurationPlatforms) = preSolution
		Debug|Any CPU = Debug|Any CPU
		Release|Any CPU = Release|Any CPU
	EndGlobalSection
	GlobalSection(ProjectConfigurationPlatforms) = postSolution
		{643906F0-81F0-49C0-9429-89F73449DB65}.Debug|Any CPU.ActiveCfg = Debug|Any CPU
		{643906F0-81F0-49C0-9429-89F73449DB65}.Debug|Any CPU.Build.0 = Debug|Any CPU
		{643906F0-81F0-49C0-9429-89F73449DB65}.Release|Any CPU.ActiveCfg = Release|Any CPU
		{643906F0-81F0-49C0-9429-89F73449DB65}.Release|Any CPU.Build.0 = Release|Any CPU
	EndGlobalSection
	GlobalSection(SolutionProperties) = preSolution
		HideSolutionNode = FALSE
	EndGlobalSection
	GlobalSection(ExtensibilityGlobals) = postSolution
		SolutionGuid = {7E481EC4-68E9-4603-8E77-3E2E0406FBCB}
	EndGlobalSection
EndGlobal
